// !$*UTF8*$!
{
	archiveVersion = 1;
	classes = {
	};
	objectVersion = 55;
	objects = {

/* Begin PBXBuildFile section */
		79101F3E28E215FE00BFED8B /* AppDelegate.swift in Sources */ = {isa = PBXBuildFile; fileRef = 79101F3D28E215FE00BFED8B /* AppDelegate.swift */; };
		79101F4028E215FE00BFED8B /* SceneDelegate.swift in Sources */ = {isa = PBXBuildFile; fileRef = 79101F3F28E215FE00BFED8B /* SceneDelegate.swift */; };
		79101F4228E215FE00BFED8B /* ViewController.swift in Sources */ = {isa = PBXBuildFile; fileRef = 79101F4128E215FE00BFED8B /* ViewController.swift */; };
		79101F4528E215FE00BFED8B /* Main.storyboard in Resources */ = {isa = PBXBuildFile; fileRef = 79101F4328E215FE00BFED8B /* Main.storyboard */; };
		79101F4728E215FF00BFED8B /* Assets.xcassets in Resources */ = {isa = PBXBuildFile; fileRef = 79101F4628E215FF00BFED8B /* Assets.xcassets */; };
		79101F4A28E215FF00BFED8B /* LaunchScreen.storyboard in Resources */ = {isa = PBXBuildFile; fileRef = 79101F4828E215FF00BFED8B /* LaunchScreen.storyboard */; };
		79101F5528E215FF00BFED8B /* our_conscious_selfTests.swift in Sources */ = {isa = PBXBuildFile; fileRef = 79101F5428E215FF00BFED8B /* our_conscious_selfTests.swift */; };
		79101F5F28E215FF00BFED8B /* our_conscious_selfUITests.swift in Sources */ = {isa = PBXBuildFile; fileRef = 79101F5E28E215FF00BFED8B /* our_conscious_selfUITests.swift */; };
		79101F6128E215FF00BFED8B /* our_conscious_selfUITestsLaunchTests.swift in Sources */ = {isa = PBXBuildFile; fileRef = 79101F6028E215FF00BFED8B /* our_conscious_selfUITestsLaunchTests.swift */; };
		79101F6E28E4A99300BFED8B /* MyDog.swift in Sources */ = {isa = PBXBuildFile; fileRef = 79101F6D28E4A99300BFED8B /* MyDog.swift */; };
		79101F7028E4AA0D00BFED8B /* MyFriends.swift in Sources */ = {isa = PBXBuildFile; fileRef = 79101F6F28E4AA0D00BFED8B /* MyFriends.swift */; };
		79EC01F128EDE54000F7DE54 /* brigs.swift in Sources */ = {isa = PBXBuildFile; fileRef = 79EC01F028EDE54000F7DE54 /* brigs.swift */; };
/* End PBXBuildFile section */

/* Begin PBXContainerItemProxy section */
		79101F5128E215FF00BFED8B /* PBXContainerItemProxy */ = {
			isa = PBXContainerItemProxy;
			containerPortal = 79101F3228E215FE00BFED8B /* Project object */;
			proxyType = 1;
			remoteGlobalIDString = 79101F3928E215FE00BFED8B;
			remoteInfo = "our conscious self";
		};
		79101F5B28E215FF00BFED8B /* PBXContainerItemProxy */ = {
			isa = PBXContainerItemProxy;
			containerPortal = 79101F3228E215FE00BFED8B /* Project object */;
			proxyType = 1;
			remoteGlobalIDString = 79101F3928E215FE00BFED8B;
			remoteInfo = "our conscious self";
		};
/* End PBXContainerItemProxy section */

/* Begin PBXFileReference section */
		79101F3A28E215FE00BFED8B /* our conscious self.app */ = {isa = PBXFileReference; explicitFileType = wrapper.application; includeInIndex = 0; path = "our conscious self.app"; sourceTree = BUILT_PRODUCTS_DIR; };
		79101F3D28E215FE00BFED8B /* AppDelegate.swift */ = {isa = PBXFileReference; lastKnownFileType = sourcecode.swift; path = AppDelegate.swift; sourceTree = "<group>"; };
		79101F3F28E215FE00BFED8B /* SceneDelegate.swift */ = {isa = PBXFileReference; lastKnownFileType = sourcecode.swift; path = SceneDelegate.swift; sourceTree = "<group>"; };
		79101F4128E215FE00BFED8B /* ViewController.swift */ = {isa = PBXFileReference; lastKnownFileType = sourcecode.swift; path = ViewController.swift; sourceTree = "<group>"; };
		79101F4428E215FE00BFED8B /* Base */ = {isa = PBXFileReference; lastKnownFileType = file.storyboard; name = Base; path = Base.lproj/Main.storyboard; sourceTree = "<group>"; };
		79101F4628E215FF00BFED8B /* Assets.xcassets */ = {isa = PBXFileReference; lastKnownFileType = folder.assetcatalog; path = Assets.xcassets; sourceTree = "<group>"; };
		79101F4928E215FF00BFED8B /* Base */ = {isa = PBXFileReference; lastKnownFileType = file.storyboard; name = Base; path = Base.lproj/LaunchScreen.storyboard; sourceTree = "<group>"; };
		79101F4B28E215FF00BFED8B /* Info.plist */ = {isa = PBXFileReference; lastKnownFileType = text.plist.xml; path = Info.plist; sourceTree = "<group>"; };
		79101F5028E215FF00BFED8B /* our conscious selfTests.xctest */ = {isa = PBXFileReference; explicitFileType = wrapper.cfbundle; includeInIndex = 0; path = "our conscious selfTests.xctest"; sourceTree = BUILT_PRODUCTS_DIR; };
		79101F5428E215FF00BFED8B /* our_conscious_selfTests.swift */ = {isa = PBXFileReference; lastKnownFileType = sourcecode.swift; path = our_conscious_selfTests.swift; sourceTree = "<group>"; };
		79101F5A28E215FF00BFED8B /* our conscious selfUITests.xctest */ = {isa = PBXFileReference; explicitFileType = wrapper.cfbundle; includeInIndex = 0; path = "our conscious selfUITests.xctest"; sourceTree = BUILT_PRODUCTS_DIR; };
		79101F5E28E215FF00BFED8B /* our_conscious_selfUITests.swift */ = {isa = PBXFileReference; lastKnownFileType = sourcecode.swift; path = our_conscious_selfUITests.swift; sourceTree = "<group>"; };
		79101F6028E215FF00BFED8B /* our_conscious_selfUITestsLaunchTests.swift */ = {isa = PBXFileReference; lastKnownFileType = sourcecode.swift; path = our_conscious_selfUITestsLaunchTests.swift; sourceTree = "<group>"; };
		79101F6D28E4A99300BFED8B /* MyDog.swift */ = {isa = PBXFileReference; lastKnownFileType = sourcecode.swift; path = MyDog.swift; sourceTree = "<group>"; };
		79101F6F28E4AA0D00BFED8B /* MyFriends.swift */ = {isa = PBXFileReference; lastKnownFileType = sourcecode.swift; path = MyFriends.swift; sourceTree = "<group>"; };
		79EC01F028EDE54000F7DE54 /* brigs.swift */ = {isa = PBXFileReference; lastKnownFileType = sourcecode.swift; path = brigs.swift; sourceTree = "<group>"; };
/* End PBXFileReference section */

/* Begin PBXFrameworksBuildPhase section */
		79101F3728E215FE00BFED8B /* Frameworks */ = {
			isa = PBXFrameworksBuildPhase;
			buildActionMask = 2147483647;
			files = (
			);
			runOnlyForDeploymentPostprocessing = 0;
		};
		79101F4D28E215FF00BFED8B /* Frameworks */ = {
			isa = PBXFrameworksBuildPhase;
			buildActionMask = 2147483647;
			files = (
			);
			runOnlyForDeploymentPostprocessing = 0;
		};
		79101F5728E215FF00BFED8B /* Frameworks */ = {
			isa = PBXFrameworksBuildPhase;
			buildActionMask = 2147483647;
			files = (
			);
			runOnlyForDeploymentPostprocessing = 0;
		};
/* End PBXFrameworksBuildPhase section */

/* Begin PBXGroup section */
		79101F3128E215FE00BFED8B = {
			isa = PBXGroup;
			children = (
				79101F3C28E215FE00BFED8B /* our conscious self */,
				79101F5328E215FF00BFED8B /* our conscious selfTests */,
				79101F5D28E215FF00BFED8B /* our conscious selfUITests */,
				79101F3B28E215FE00BFED8B /* Products */,
			);
			sourceTree = "<group>";
		};
		79101F3B28E215FE00BFED8B /* Products */ = {
			isa = PBXGroup;
			children = (
				79101F3A28E215FE00BFED8B /* our conscious self.app */,
				79101F5028E215FF00BFED8B /* our conscious selfTests.xctest */,
				79101F5A28E215FF00BFED8B /* our conscious selfUITests.xctest */,
			);
			name = Products;
			sourceTree = "<group>";
		};
		79101F3C28E215FE00BFED8B /* our conscious self */ = {
			isa = PBXGroup;
			children = (
				79101F3D28E215FE00BFED8B /* AppDelegate.swift */,
				79101F3F28E215FE00BFED8B /* SceneDelegate.swift */,
				79101F4128E215FE00BFED8B /* ViewController.swift */,
				79101F4328E215FE00BFED8B /* Main.storyboard */,
				79EC01F028EDE54000F7DE54 /* brigs.swift */,
				79101F6F28E4AA0D00BFED8B /* MyFriends.swift */,
				79101F6D28E4A99300BFED8B /* MyDog.swift */,
				79101F4628E215FF00BFED8B /* Assets.xcassets */,
				79101F4828E215FF00BFED8B /* LaunchScreen.storyboard */,
				79101F4B28E215FF00BFED8B /* Info.plist */,
			);
			path = "our conscious self";
			sourceTree = "<group>";
		};
		79101F5328E215FF00BFED8B /* our conscious selfTests */ = {
			isa = PBXGroup;
			children = (
				79101F5428E215FF00BFED8B /* our_conscious_selfTests.swift */,
			);
			path = "our conscious selfTests";
			sourceTree = "<group>";
		};
		79101F5D28E215FF00BFED8B /* our conscious selfUITests */ = {
			isa = PBXGroup;
			children = (
				79101F5E28E215FF00BFED8B /* our_conscious_selfUITests.swift */,
				79101F6028E215FF00BFED8B /* our_conscious_selfUITestsLaunchTests.swift */,
			);
			path = "our conscious selfUITests";
			sourceTree = "<group>";
		};
/* End PBXGroup section */

/* Begin PBXNativeTarget section */
		79101F3928E215FE00BFED8B /* our conscious self */ = {
			isa = PBXNativeTarget;
			buildConfigurationList = 79101F6428E215FF00BFED8B /* Build configuration list for PBXNativeTarget "our conscious self" */;
			buildPhases = (
				79101F3628E215FE00BFED8B /* Sources */,
				79101F3728E215FE00BFED8B /* Frameworks */,
				79101F3828E215FE00BFED8B /* Resources */,
			);
			buildRules = (
			);
			dependencies = (
			);
			name = "our conscious self";
			productName = "our conscious self";
			productReference = 79101F3A28E215FE00BFED8B /* our conscious self.app */;
			productType = "com.apple.product-type.application";
		};
		79101F4F28E215FF00BFED8B /* our conscious selfTests */ = {
			isa = PBXNativeTarget;
			buildConfigurationList = 79101F6728E215FF00BFED8B /* Build configuration list for PBXNativeTarget "our conscious selfTests" */;
			buildPhases = (
				79101F4C28E215FF00BFED8B /* Sources */,
				79101F4D28E215FF00BFED8B /* Frameworks */,
				79101F4E28E215FF00BFED8B /* Resources */,
			);
			buildRules = (
			);
			dependencies = (
				79101F5228E215FF00BFED8B /* PBXTargetDependency */,
			);
			name = "our conscious selfTests";
			productName = "our conscious selfTests";
			productReference = 79101F5028E215FF00BFED8B /* our conscious selfTests.xctest */;
			productType = "com.apple.product-type.bundle.unit-test";
		};
		79101F5928E215FF00BFED8B /* our conscious selfUITests */ = {
			isa = PBXNativeTarget;
			buildConfigurationList = 79101F6A28E215FF00BFED8B /* Build configuration list for PBXNativeTarget "our conscious selfUITests" */;
			buildPhases = (
				79101F5628E215FF00BFED8B /* Sources */,
				79101F5728E215FF00BFED8B /* Frameworks */,
				79101F5828E215FF00BFED8B /* Resources */,
			);
			buildRules = (
			);
			dependencies = (
				79101F5C28E215FF00BFED8B /* PBXTargetDependency */,
			);
			name = "our conscious selfUITests";
			productName = "our conscious selfUITests";
			productReference = 79101F5A28E215FF00BFED8B /* our conscious selfUITests.xctest */;
			productType = "com.apple.product-type.bundle.ui-testing";
		};
/* End PBXNativeTarget section */

/* Begin PBXProject section */
		79101F3228E215FE00BFED8B /* Project object */ = {
			isa = PBXProject;
			attributes = {
				BuildIndependentTargetsInParallel = 1;
				LastSwiftUpdateCheck = 1340;
				LastUpgradeCheck = 1340;
				TargetAttributes = {
					79101F3928E215FE00BFED8B = {
						CreatedOnToolsVersion = 13.4.1;
					};
					79101F4F28E215FF00BFED8B = {
						CreatedOnToolsVersion = 13.4.1;
						TestTargetID = 79101F3928E215FE00BFED8B;
					};
					79101F5928E215FF00BFED8B = {
						CreatedOnToolsVersion = 13.4.1;
						TestTargetID = 79101F3928E215FE00BFED8B;
					};
				};
			};
			buildConfigurationList = 79101F3528E215FE00BFED8B /* Build configuration list for PBXProject "our conscious self" */;
			compatibilityVersion = "Xcode 13.0";
			developmentRegion = en;
			hasScannedForEncodings = 0;
			knownRegions = (
				en,
				Base,
			);
			mainGroup = 79101F3128E215FE00BFED8B;
			productRefGroup = 79101F3B28E215FE00BFED8B /* Products */;
			projectDirPath = "";
			projectRoot = "";
			targets = (
				79101F3928E215FE00BFED8B /* our conscious self */,
				79101F4F28E215FF00BFED8B /* our conscious selfTests */,
				79101F5928E215FF00BFED8B /* our conscious selfUITests */,
			);
		};
/* End PBXProject section */

/* Begin PBXResourcesBuildPhase section */
		79101F3828E215FE00BFED8B /* Resources */ = {
			isa = PBXResourcesBuildPhase;
			buildActionMask = 2147483647;
			files = (
				79101F4A28E215FF00BFED8B /* LaunchScreen.storyboard in Resources */,
				79101F4728E215FF00BFED8B /* Assets.xcassets in Resources */,
				79101F4528E215FE00BFED8B /* Main.storyboard in Resources */,
			);
			runOnlyForDeploymentPostprocessing = 0;
		};
		79101F4E28E215FF00BFED8B /* Resources */ = {
			isa = PBXResourcesBuildPhase;
			buildActionMask = 2147483647;
			files = (
			);
			runOnlyForDeploymentPostprocessing = 0;
		};
		79101F5828E215FF00BFED8B /* Resources */ = {
			isa = PBXResourcesBuildPhase;
			buildActionMask = 2147483647;
			files = (
			);
			runOnlyForDeploymentPostprocessing = 0;
		};
/* End PBXResourcesBuildPhase section */

/* Begin PBXSourcesBuildPhase section */
		79101F3628E215FE00BFED8B /* Sources */ = {
			isa = PBXSourcesBuildPhase;
			buildActionMask = 2147483647;
			files = (
				79101F4228E215FE00BFED8B /* ViewController.swift in Sources */,
				79EC01F128EDE54000F7DE54 /* brigs.swift in Sources */,
				79101F3E28E215FE00BFED8B /* AppDelegate.swift in Sources */,
				79101F6E28E4A99300BFED8B /* MyDog.swift in Sources */,
				79101F7028E4AA0D00BFED8B /* MyFriends.swift in Sources */,
				79101F4028E215FE00BFED8B /* SceneDelegate.swift in Sources */,
			);
			runOnlyForDeploymentPostprocessing = 0;
		};
		79101F4C28E215FF00BFED8B /* Sources */ = {
			isa = PBXSourcesBuildPhase;
			buildActionMask = 2147483647;
			files = (
				79101F5528E215FF00BFED8B /* our_conscious_selfTests.swift in Sources */,
			);
			runOnlyForDeploymentPostprocessing = 0;
		};
		79101F5628E215FF00BFED8B /* Sources */ = {
			isa = PBXSourcesBuildPhase;
			buildActionMask = 2147483647;
			files = (
				79101F6128E215FF00BFED8B /* our_conscious_selfUITestsLaunchTests.swift in Sources */,
				79101F5F28E215FF00BFED8B /* our_conscious_selfUITests.swift in Sources */,
			);
			runOnlyForDeploymentPostprocessing = 0;
		};
/* End PBXSourcesBuildPhase section */

/* Begin PBXTargetDependency section */
		79101F5228E215FF00BFED8B /* PBXTargetDependency */ = {
			isa = PBXTargetDependency;
			target = 79101F3928E215FE00BFED8B /* our conscious self */;
			targetProxy = 79101F5128E215FF00BFED8B /* PBXContainerItemProxy */;
		};
		79101F5C28E215FF00BFED8B /* PBXTargetDependency */ = {
			isa = PBXTargetDependency;
			target = 79101F3928E215FE00BFED8B /* our conscious self */;
			targetProxy = 79101F5B28E215FF00BFED8B /* PBXContainerItemProxy */;
		};
/* End PBXTargetDependency section */

/* Begin PBXVariantGroup section */
		79101F4328E215FE00BFED8B /* Main.storyboard */ = {
			isa = PBXVariantGroup;
			children = (
				79101F4428E215FE00BFED8B /* Base */,
			);
			name = Main.storyboard;
			sourceTree = "<group>";
		};
		79101F4828E215FF00BFED8B /* LaunchScreen.storyboard */ = {
			isa = PBXVariantGroup;
			children = (
				79101F4928E215FF00BFED8B /* Base */,
			);
			name = LaunchScreen.storyboard;
			sourceTree = "<group>";
		};
/* End PBXVariantGroup section */

/* Begin XCBuildConfiguration section */
		79101F6228E215FF00BFED8B /* Debug */ = {
			isa = XCBuildConfiguration;
			buildSettings = {
				ALWAYS_SEARCH_USER_PATHS = NO;
				CLANG_ANALYZER_NONNULL = YES;
				CLANG_ANALYZER_NUMBER_OBJECT_CONVERSION = YES_AGGRESSIVE;
				CLANG_CXX_LANGUAGE_STANDARD = "gnu++17";
				CLANG_ENABLE_MODULES = YES;
				CLANG_ENABLE_OBJC_ARC = YES;
				CLANG_ENABLE_OBJC_WEAK = YES;
				CLANG_WARN_BLOCK_CAPTURE_AUTORELEASING = YES;
				CLANG_WARN_BOOL_CONVERSION = YES;
				CLANG_WARN_COMMA = YES;
				CLANG_WARN_CONSTANT_CONVERSION = YES;
				CLANG_WARN_DEPRECATED_OBJC_IMPLEMENTATIONS = YES;
				CLANG_WARN_DIRECT_OBJC_ISA_USAGE = YES_ERROR;
				CLANG_WARN_DOCUMENTATION_COMMENTS = YES;
				CLANG_WARN_EMPTY_BODY = YES;
				CLANG_WARN_ENUM_CONVERSION = YES;
				CLANG_WARN_INFINITE_RECURSION = YES;
				CLANG_WARN_INT_CONVERSION = YES;
				CLANG_WARN_NON_LITERAL_NULL_CONVERSION = YES;
				CLANG_WARN_OBJC_IMPLICIT_RETAIN_SELF = YES;
				CLANG_WARN_OBJC_LITERAL_CONVERSION = YES;
				CLANG_WARN_OBJC_ROOT_CLASS = YES_ERROR;
				CLANG_WARN_QUOTED_INCLUDE_IN_FRAMEWORK_HEADER = YES;
				CLANG_WARN_RANGE_LOOP_ANALYSIS = YES;
				CLANG_WARN_STRICT_PROTOTYPES = YES;
				CLANG_WARN_SUSPICIOUS_MOVE = YES;
				CLANG_WARN_UNGUARDED_AVAILABILITY = YES_AGGRESSIVE;
				CLANG_WARN_UNREACHABLE_CODE = YES;
				CLANG_WARN__DUPLICATE_METHOD_MATCH = YES;
				COPY_PHASE_STRIP = NO;
				DEBUG_INFORMATION_FORMAT = dwarf;
				ENABLE_STRICT_OBJC_MSGSEND = YES;
				ENABLE_TESTABILITY = YES;
				GCC_C_LANGUAGE_STANDARD = gnu11;
				GCC_DYNAMIC_NO_PIC = NO;
				GCC_NO_COMMON_BLOCKS = YES;
				GCC_OPTIMIZATION_LEVEL = 0;
				GCC_PREPROCESSOR_DEFINITIONS = (
					"DEBUG=1",
					"$(inherited)",
				);
				GCC_WARN_64_TO_32_BIT_CONVERSION = YES;
				GCC_WARN_ABOUT_RETURN_TYPE = YES_ERROR;
				GCC_WARN_UNDECLARED_SELECTOR = YES;
				GCC_WARN_UNINITIALIZED_AUTOS = YES_AGGRESSIVE;
				GCC_WARN_UNUSED_FUNCTION = YES;
				GCC_WARN_UNUSED_VARIABLE = YES;
				IPHONEOS_DEPLOYMENT_TARGET = 15.5;
				MTL_ENABLE_DEBUG_INFO = INCLUDE_SOURCE;
				MTL_FAST_MATH = YES;
				ONLY_ACTIVE_ARCH = YES;
				SDKROOT = iphoneos;
				SWIFT_ACTIVE_COMPILATION_CONDITIONS = DEBUG;
				SWIFT_OPTIMIZATION_LEVEL = "-Onone";
			};
			name = Debug;
		};
		79101F6328E215FF00BFED8B /* Release */ = {
			isa = XCBuildConfiguration;
			buildSettings = {
				ALWAYS_SEARCH_USER_PATHS = NO;
				CLANG_ANALYZER_NONNULL = YES;
				CLANG_ANALYZER_NUMBER_OBJECT_CONVERSION = YES_AGGRESSIVE;
				CLANG_CXX_LANGUAGE_STANDARD = "gnu++17";
				CLANG_ENABLE_MODULES = YES;
				CLANG_ENABLE_OBJC_ARC = YES;
				CLANG_ENABLE_OBJC_WEAK = YES;
				CLANG_WARN_BLOCK_CAPTURE_AUTORELEASING = YES;
				CLANG_WARN_BOOL_CONVERSION = YES;
				CLANG_WARN_COMMA = YES;
				CLANG_WARN_CONSTANT_CONVERSION = YES;
				CLANG_WARN_DEPRECATED_OBJC_IMPLEMENTATIONS = YES;
				CLANG_WARN_DIRECT_OBJC_ISA_USAGE = YES_ERROR;
				CLANG_WARN_DOCUMENTATION_COMMENTS = YES;
				CLANG_WARN_EMPTY_BODY = YES;
				CLANG_WARN_ENUM_CONVERSION = YES;
				CLANG_WARN_INFINITE_RECURSION = YES;
				CLANG_WARN_INT_CONVERSION = YES;
				CLANG_WARN_NON_LITERAL_NULL_CONVERSION = YES;
				CLANG_WARN_OBJC_IMPLICIT_RETAIN_SELF = YES;
				CLANG_WARN_OBJC_LITERAL_CONVERSION = YES;
				CLANG_WARN_OBJC_ROOT_CLASS = YES_ERROR;
				CLANG_WARN_QUOTED_INCLUDE_IN_FRAMEWORK_HEADER = YES;
				CLANG_WARN_RANGE_LOOP_ANALYSIS = YES;
				CLANG_WARN_STRICT_PROTOTYPES = YES;
				CLANG_WARN_SUSPICIOUS_MOVE = YES;
				CLANG_WARN_UNGUARDED_AVAILABILITY = YES_AGGRESSIVE;
				CLANG_WARN_UNREACHABLE_CODE = YES;
				CLANG_WARN__DUPLICATE_METHOD_MATCH = YES;
				COPY_PHASE_STRIP = NO;
				DEBUG_INFORMATION_FORMAT = "dwarf-with-dsym";
				ENABLE_NS_ASSERTIONS = NO;
				ENABLE_STRICT_OBJC_MSGSEND = YES;
				GCC_C_LANGUAGE_STANDARD = gnu11;
				GCC_NO_COMMON_BLOCKS = YES;
				GCC_WARN_64_TO_32_BIT_CONVERSION = YES;
				GCC_WARN_ABOUT_RETURN_TYPE = YES_ERROR;
				GCC_WARN_UNDECLARED_SELECTOR = YES;
				GCC_WARN_UNINITIALIZED_AUTOS = YES_AGGRESSIVE;
				GCC_WARN_UNUSED_FUNCTION = YES;
				GCC_WARN_UNUSED_VARIABLE = YES;
				IPHONEOS_DEPLOYMENT_TARGET = 15.5;
				MTL_ENABLE_DEBUG_INFO = NO;
				MTL_FAST_MATH = YES;
				SDKROOT = iphoneos;
				SWIFT_COMPILATION_MODE = wholemodule;
				SWIFT_OPTIMIZATION_LEVEL = "-O";
				VALIDATE_PRODUCT = YES;
			};
			name = Release;
		};
		79101F6528E215FF00BFED8B /* Debug */ = {
			isa = XCBuildConfiguration;
			buildSettings = {
				ASSETCATALOG_COMPILER_APPICON_NAME = AppIcon;
				ASSETCATALOG_COMPILER_GLOBAL_ACCENT_COLOR_NAME = AccentColor;
				CODE_SIGN_STYLE = Automatic;
				CURRENT_PROJECT_VERSION = 1;
				DEVELOPMENT_TEAM = 9D3NKWCHB9;
				GENERATE_INFOPLIST_FILE = YES;
				INFOPLIST_FILE = "our conscious self/Info.plist";
				INFOPLIST_KEY_UIApplicationSupportsIndirectInputEvents = YES;
				INFOPLIST_KEY_UILaunchStoryboardName = LaunchScreen;
				INFOPLIST_KEY_UIMainStoryboardFile = Main;
				INFOPLIST_KEY_UISupportedInterfaceOrientations_iPad = "UIInterfaceOrientationPortrait UIInterfaceOrientationPortraitUpsideDown UIInterfaceOrientationLandscapeLeft UIInterfaceOrientationLandscapeRight";
				INFOPLIST_KEY_UISupportedInterfaceOrientations_iPhone = "UIInterfaceOrientationPortrait UIInterfaceOrientationLandscapeLeft UIInterfaceOrientationLandscapeRight";
				LD_RUNPATH_SEARCH_PATHS = (
					"$(inherited)",
					"@executable_path/Frameworks",
				);
				MARKETING_VERSION = 1.0;
				PRODUCT_BUNDLE_IDENTIFIER = "FLAW.our-conscious-self";
				PRODUCT_NAME = "$(TARGET_NAME)";
				SWIFT_EMIT_LOC_STRINGS = YES;
				SWIFT_VERSION = 5.0;
				TARGETED_DEVICE_FAMILY = "1,2";
			};
			name = Debug;
		};
		79101F6628E215FF00BFED8B /* Release */ = {
			isa = XCBuildConfiguration;
			buildSettings = {
				ASSETCATALOG_COMPILER_APPICON_NAME = AppIcon;
				ASSETCATALOG_COMPILER_GLOBAL_ACCENT_COLOR_NAME = AccentColor;
				CODE_SIGN_STYLE = Automatic;
				CURRENT_PROJECT_VERSION = 1;
				DEVELOPMENT_TEAM = 9D3NKWCHB9;
				GENERATE_INFOPLIST_FILE = YES;
				INFOPLIST_FILE = "our conscious self/Info.plist";
				INFOPLIST_KEY_UIApplicationSupportsIndirectInputEvents = YES;
				INFOPLIST_KEY_UILaunchStoryboardName = LaunchScreen;
				INFOPLIST_KEY_UIMainStoryboardFile = Main;
				INFOPLIST_KEY_UISupportedInterfaceOrientations_iPad = "UIInterfaceOrientationPortrait UIInterfaceOrientationPortraitUpsideDown UIInterfaceOrientationLandscapeLeft UIInterfaceOrientationLandscapeRight";
				INFOPLIST_KEY_UISupportedInterfaceOrientations_iPhone = "UIInterfaceOrientationPortrait UIInterfaceOrientationLandscapeLeft UIInterfaceOrientationLandscapeRight";
				LD_RUNPATH_SEARCH_PATHS = (
					"$(inherited)",
					"@executable_path/Frameworks",
				);
				MARKETING_VERSION = 1.0;
				PRODUCT_BUNDLE_IDENTIFIER = "FLAW.our-conscious-self";
				PRODUCT_NAME = "$(TARGET_NAME)";
				SWIFT_EMIT_LOC_STRINGS = YES;
				SWIFT_VERSION = 5.0;
				TARGETED_DEVICE_FAMILY = "1,2";
			};
			name = Release;
		};
		79101F6828E215FF00BFED8B /* Debug */ = {
			isa = XCBuildConfiguration;
			buildSettings = {
				ALWAYS_EMBED_SWIFT_STANDARD_LIBRARIES = YES;
				BUNDLE_LOADER = "$(TEST_HOST)";
				CODE_SIGN_STYLE = Automatic;
				CURRENT_PROJECT_VERSION = 1;
				GENERATE_INFOPLIST_FILE = YES;
				IPHONEOS_DEPLOYMENT_TARGET = 15.5;
				MARKETING_VERSION = 1.0;
				PRODUCT_BUNDLE_IDENTIFIER = "FLAW.our-conscious-selfTests";
				PRODUCT_NAME = "$(TARGET_NAME)";
				SWIFT_EMIT_LOC_STRINGS = NO;
				SWIFT_VERSION = 5.0;
				TARGETED_DEVICE_FAMILY = "1,2";
				TEST_HOST = "$(BUILT_PRODUCTS_DIR)/our conscious self.app/our conscious self";
			};
			name = Debug;
		};
		79101F6928E215FF00BFED8B /* Release */ = {
			isa = XCBuildConfiguration;
			buildSettings = {
				ALWAYS_EMBED_SWIFT_STANDARD_LIBRARIES = YES;
				BUNDLE_LOADER = "$(TEST_HOST)";
				CODE_SIGN_STYLE = Automatic;
				CURRENT_PROJECT_VERSION = 1;
				GENERATE_INFOPLIST_FILE = YES;
				IPHONEOS_DEPLOYMENT_TARGET = 15.5;
				MARKETING_VERSION = 1.0;
				PRODUCT_BUNDLE_IDENTIFIER = "FLAW.our-conscious-selfTests";
				PRODUCT_NAME = "$(TARGET_NAME)";
				SWIFT_EMIT_LOC_STRINGS = NO;
				SWIFT_VERSION = 5.0;
				TARGETED_DEVICE_FAMILY = "1,2";
				TEST_HOST = "$(BUILT_PRODUCTS_DIR)/our conscious self.app/our conscious self";
			};
			name = Release;
		};
		79101F6B28E215FF00BFED8B /* Debug */ = {
			isa = XCBuildConfiguration;
			buildSettings = {
				ALWAYS_EMBED_SWIFT_STANDARD_LIBRARIES = YES;
				CODE_SIGN_STYLE = Automatic;
				CURRENT_PROJECT_VERSION = 1;
				GENERATE_INFOPLIST_FILE = YES;
				MARKETING_VERSION = 1.0;
				PRODUCT_BUNDLE_IDENTIFIER = "FLAW.our-conscious-selfUITests";
				PRODUCT_NAME = "$(TARGET_NAME)";
				SWIFT_EMIT_LOC_STRINGS = NO;
				SWIFT_VERSION = 5.0;
				TARGETED_DEVICE_FAMILY = "1,2";
				TEST_TARGET_NAME = "our conscious self";
			};
			name = Debug;
		};
		79101F6C28E215FF00BFED8B /* Release */ = {
			isa = XCBuildConfiguration;
			buildSettings = {
				ALWAYS_EMBED_SWIFT_STANDARD_LIBRARIES = YES;
				CODE_SIGN_STYLE = Automatic;
				CURRENT_PROJECT_VERSION = 1;
				GENERATE_INFOPLIST_FILE = YES;
				MARKETING_VERSION = 1.0;
				PRODUCT_BUNDLE_IDENTIFIER = "FLAW.our-conscious-selfUITests";
				PRODUCT_NAME = "$(TARGET_NAME)";
				SWIFT_EMIT_LOC_STRINGS = NO;
				SWIFT_VERSION = 5.0;
				TARGETED_DEVICE_FAMILY = "1,2";
				TEST_TARGET_NAME = "our conscious self";
			};
			name = Release;
		};
/* End XCBuildConfiguration section */

/* Begin XCConfigurationList section */
		79101F3528E215FE00BFED8B /* Build configuration list for PBXProject "our conscious self" */ = {
			isa = XCConfigurationList;
			buildConfigurations = (
				79101F6228E215FF00BFED8B /* Debug */,
				79101F6328E215FF00BFED8B /* Release */,
			);
			defaultConfigurationIsVisible = 0;
			defaultConfigurationName = Release;
		};
		79101F6428E215FF00BFED8B /* Build configuration list for PBXNativeTarget "our conscious self" */ = {
			isa = XCConfigurationList;
			buildConfigurations = (
				79101F6528E215FF00BFED8B /* Debug */,
				79101F6628E215FF00BFED8B /* Release */,
			);
			defaultConfigurationIsVisible = 0;
			defaultConfigurationName = Release;
		};
		79101F6728E215FF00BFED8B /* Build configuration list for PBXNativeTarget "our conscious selfTests" */ = {
			isa = XCConfigurationList;
			buildConfigurations = (
				79101F6828E215FF00BFED8B /* Debug */,
				79101F6928E215FF00BFED8B /* Release */,
			);
			defaultConfigurationIsVisible = 0;
			defaultConfigurationName = Release;
		};
		79101F6A28E215FF00BFED8B /* Build configuration list for PBXNativeTarget "our conscious selfUITests" */ = {
			isa = XCConfigurationList;
			buildConfigurations = (
				79101F6B28E215FF00BFED8B /* Debug */,
				79101F6C28E215FF00BFED8B /* Release */,
			);
			defaultConfigurationIsVisible = 0;
			defaultConfigurationName = Release;
		};
/* End XCConfigurationList section */
	};
	rootObject = 79101F3228E215FE00BFED8B /* Project object */;
}
